
Microsoft Visual Studio Solution File, Format Version 12.00
# Visual Studio Version 17
VisualStudioVersion = 17.12.35707.178
MinimumVisualStudioVersion = 10.0.40219.1
Project("{2150E333-8FDC-42A3-9474-1A3956D46DE8}") = "src", "src", "{5BACF12B-6FAF-4A98-9251-5A711DC7A046}"
EndProject
Project("{2150E333-8FDC-42A3-9474-1A3956D46DE8}") = "Solution Items", "Solution Items", "{E8177C10-96F2-414E-9846-2C9F1B798001}"
	ProjectSection(SolutionItems) = preProject
		.editorconfig = .editorconfig
		Directory.Build.props = Directory.Build.props
		Directory.Packages.props = Directory.Packages.props
	EndProjectSection
EndProject
Project("{E53339B2-1760-4266-BCC7-CA923CBCF16C}") = "docker-compose", "docker-compose.dcproj", "{666B539D-57AF-4701-AFE1-0C2830143CE0}"
EndProject
Project("{2150E333-8FDC-42A3-9474-1A3956D46DE8}") = "test", "test", "{02EA681E-C7D8-13C7-8484-4AC65E1B71E8}"
EndProject
Project("{FAE04EC0-301F-11D3-BF4B-00C04F79EFBC}") = "DevHabit.Api", "DevHabit.Api\DevHabit.Api.csproj", "{552C35BF-9D1E-183B-070D-99D7AE0FE6DA}"
EndProject
Project("{FAE04EC0-301F-11D3-BF4B-00C04F79EFBC}") = "DevHabit.UnitTests", "..\..\test\DevHabit.UnitTests\DevHabit.UnitTests.csproj", "{007B431D-189D-AACA-F41F-2AC5AB2DFEB0}"
EndProject
Project("{FAE04EC0-301F-11D3-BF4B-00C04F79EFBC}") = "DevHabit.IntegrationTests", "..\..\test\DevHabit.IntegrationTests\DevHabit.IntegrationTests.csproj", "{B0E643EB-D077-106F-82F4-EE29C78B6B6A}"
EndProject
Project("{FAE04EC0-301F-11D3-BF4B-00C04F79EFBC}") = "DevHabit.FunctionalTests", "..\..\test\DevHabit.FunctionalTests\DevHabit.FunctionalTests.csproj", "{576063E5-494F-6B8F-8C46-894AEDF5574E}"
EndProject
Global
	GlobalSection(SolutionConfigurationPlatforms) = preSolution
		Debug|Any CPU = Debug|Any CPU
		Release|Any CPU = Release|Any CPU
	EndGlobalSection
	GlobalSection(ProjectConfigurationPlatforms) = postSolution
		{666B539D-57AF-4701-AFE1-0C2830143CE0}.Debug|Any CPU.ActiveCfg = Debug|Any CPU
		{666B539D-57AF-4701-AFE1-0C2830143CE0}.Debug|Any CPU.Build.0 = Debug|Any CPU
		{666B539D-57AF-4701-AFE1-0C2830143CE0}.Release|Any CPU.ActiveCfg = Release|Any CPU
		{666B539D-57AF-4701-AFE1-0C2830143CE0}.Release|Any CPU.Build.0 = Release|Any CPU
		{552C35BF-9D1E-183B-070D-99D7AE0FE6DA}.Debug|Any CPU.ActiveCfg = Debug|Any CPU
		{552C35BF-9D1E-183B-070D-99D7AE0FE6DA}.Debug|Any CPU.Build.0 = Debug|Any CPU
		{552C35BF-9D1E-183B-070D-99D7AE0FE6DA}.Release|Any CPU.ActiveCfg = Release|Any CPU
		{552C35BF-9D1E-183B-070D-99D7AE0FE6DA}.Release|Any CPU.Build.0 = Release|Any CPU
		{007B431D-189D-AACA-F41F-2AC5AB2DFEB0}.Debug|Any CPU.ActiveCfg = Debug|Any CPU
		{007B431D-189D-AACA-F41F-2AC5AB2DFEB0}.Debug|Any CPU.Build.0 = Debug|Any CPU
		{007B431D-189D-AACA-F41F-2AC5AB2DFEB0}.Release|Any CPU.ActiveCfg = Release|Any CPU
		{007B431D-189D-AACA-F41F-2AC5AB2DFEB0}.Release|Any CPU.Build.0 = Release|Any CPU
		{B0E643EB-D077-106F-82F4-EE29C78B6B6A}.Debug|Any CPU.ActiveCfg = Debug|Any CPU
		{B0E643EB-D077-106F-82F4-EE29C78B6B6A}.Debug|Any CPU.Build.0 = Debug|Any CPU
		{B0E643EB-D077-106F-82F4-EE29C78B6B6A}.Release|Any CPU.ActiveCfg = Release|Any CPU
		{B0E643EB-D077-106F-82F4-EE29C78B6B6A}.Release|Any CPU.Build.0 = Release|Any CPU
		{576063E5-494F-6B8F-8C46-894AEDF5574E}.Debug|Any CPU.ActiveCfg = Debug|Any CPU
		{576063E5-494F-6B8F-8C46-894AEDF5574E}.Debug|Any CPU.Build.0 = Debug|Any CPU
		{576063E5-494F-6B8F-8C46-894AEDF5574E}.Release|Any CPU.ActiveCfg = Release|Any CPU
		{576063E5-494F-6B8F-8C46-894AEDF5574E}.Release|Any CPU.Build.0 = Release|Any CPU
	EndGlobalSection
	GlobalSection(SolutionProperties) = preSolution
		HideSolutionNode = FALSE
	EndGlobalSection
	GlobalSection(NestedProjects) = preSolution
		{552C35BF-9D1E-183B-070D-99D7AE0FE6DA} = {5BACF12B-6FAF-4A98-9251-5A711DC7A046}
		{007B431D-189D-AACA-F41F-2AC5AB2DFEB0} = {02EA681E-C7D8-13C7-8484-4AC65E1B71E8}
		{B0E643EB-D077-106F-82F4-EE29C78B6B6A} = {02EA681E-C7D8-13C7-8484-4AC65E1B71E8}
		{576063E5-494F-6B8F-8C46-894AEDF5574E} = {02EA681E-C7D8-13C7-8484-4AC65E1B71E8}
	EndGlobalSection
	GlobalSection(ExtensibilityGlobals) = postSolution
		SolutionGuid = {78764C51-9142-481D-ADA1-B980C0892006}
	EndGlobalSection
EndGlobal
