
Microsoft Visual Studio Solution File, Format Version 12.00
# Visual Studio Version 17
VisualStudioVersion = 17.12.35707.178
MinimumVisualStudioVersion = 10.0.40219.1
Project("{FAE04EC0-301F-11D3-BF4B-00C04F79EFBC}") = "DevHabit.Api", "DevHabit.Api\DevHabit.Api.csproj", "{A4CB03F6-71D8-412D-9D61-F30AD858A1F0}"
EndProject
Project("{2150E333-8FDC-42A3-9474-1A3956D46DE8}") = "src", "src", "{5BACF12B-6FAF-4A98-9251-5A711DC7A046}"
EndProject
Project("{2150E333-8FDC-42A3-9474-1A3956D46DE8}") = "Solution Items", "Solution Items", "{E8177C10-96F2-414E-9846-2C9F1B798001}"
	ProjectSection(SolutionItems) = preProject
		.editorconfig = .editorconfig
		Directory.Build.props = Directory.Build.props
		Directory.Packages.props = Directory.Packages.props
	EndProjectSection
EndProject
Project("{E53339B2-1760-4266-BCC7-CA923CBCF16C}") = "docker-compose", "docker-compose.dcproj", "{666B539D-57AF-4701-AFE1-0C2830143CE0}"
EndProject
Project("{2150E333-8FDC-42A3-9474-1A3956D46DE8}") = "test", "test", "{02EA681E-C7D8-13C7-8484-4AC65E1B71E8}"
EndProject
Project("{FAE04EC0-301F-11D3-BF4B-00C04F79EFBC}") = "DevHabit.UnitTests", "..\DevHabit.UnitTests\DevHabit.UnitTests.csproj", "{3B33F223-04C7-445A-8819-20BD2393EA8B}"
EndProject
Project("{FAE04EC0-301F-11D3-BF4B-00C04F79EFBC}") = "DevHabit.IntegrationTests", "..\DevHabit.IntegrationTests\DevHabit.IntegrationTests.csproj", "{E90F91B0-4DB2-422E-A2BC-0E49D5FA3852}"
EndProject
Project("{FAE04EC0-301F-11D3-BF4B-00C04F79EFBC}") = "DevHabit.FunctionalTests", "..\DevHabit.FunctionalTests\DevHabit.FunctionalTests.csproj", "{13C0EE58-DF97-42E4-81CE-85D185EC49B7}"
EndProject
Global
	GlobalSection(SolutionConfigurationPlatforms) = preSolution
		Debug|Any CPU = Debug|Any CPU
		Release|Any CPU = Release|Any CPU
	EndGlobalSection
	GlobalSection(ProjectConfigurationPlatforms) = postSolution
		{A4CB03F6-71D8-412D-9D61-F30AD858A1F0}.Debug|Any CPU.ActiveCfg = Debug|Any CPU
		{A4CB03F6-71D8-412D-9D61-F30AD858A1F0}.Debug|Any CPU.Build.0 = Debug|Any CPU
		{A4CB03F6-71D8-412D-9D61-F30AD858A1F0}.Release|Any CPU.ActiveCfg = Release|Any CPU
		{A4CB03F6-71D8-412D-9D61-F30AD858A1F0}.Release|Any CPU.Build.0 = Release|Any CPU
		{666B539D-57AF-4701-AFE1-0C2830143CE0}.Debug|Any CPU.ActiveCfg = Debug|Any CPU
		{666B539D-57AF-4701-AFE1-0C2830143CE0}.Debug|Any CPU.Build.0 = Debug|Any CPU
		{666B539D-57AF-4701-AFE1-0C2830143CE0}.Release|Any CPU.ActiveCfg = Release|Any CPU
		{666B539D-57AF-4701-AFE1-0C2830143CE0}.Release|Any CPU.Build.0 = Release|Any CPU
		{3B33F223-04C7-445A-8819-20BD2393EA8B}.Debug|Any CPU.ActiveCfg = Debug|Any CPU
		{3B33F223-04C7-445A-8819-20BD2393EA8B}.Debug|Any CPU.Build.0 = Debug|Any CPU
		{3B33F223-04C7-445A-8819-20BD2393EA8B}.Release|Any CPU.ActiveCfg = Release|Any CPU
		{3B33F223-04C7-445A-8819-20BD2393EA8B}.Release|Any CPU.Build.0 = Release|Any CPU
		{E90F91B0-4DB2-422E-A2BC-0E49D5FA3852}.Debug|Any CPU.ActiveCfg = Debug|Any CPU
		{E90F91B0-4DB2-422E-A2BC-0E49D5FA3852}.Debug|Any CPU.Build.0 = Debug|Any CPU
		{E90F91B0-4DB2-422E-A2BC-0E49D5FA3852}.Release|Any CPU.ActiveCfg = Release|Any CPU
		{E90F91B0-4DB2-422E-A2BC-0E49D5FA3852}.Release|Any CPU.Build.0 = Release|Any CPU
		{13C0EE58-DF97-42E4-81CE-85D185EC49B7}.Debug|Any CPU.ActiveCfg = Debug|Any CPU
		{13C0EE58-DF97-42E4-81CE-85D185EC49B7}.Debug|Any CPU.Build.0 = Debug|Any CPU
		{13C0EE58-DF97-42E4-81CE-85D185EC49B7}.Release|Any CPU.ActiveCfg = Release|Any CPU
		{13C0EE58-DF97-42E4-81CE-85D185EC49B7}.Release|Any CPU.Build.0 = Release|Any CPU
	EndGlobalSection
	GlobalSection(SolutionProperties) = preSolution
		HideSolutionNode = FALSE
	EndGlobalSection
	GlobalSection(NestedProjects) = preSolution
		{A4CB03F6-71D8-412D-9D61-F30AD858A1F0} = {5BACF12B-6FAF-4A98-9251-5A711DC7A046}
		{3B33F223-04C7-445A-8819-20BD2393EA8B} = {02EA681E-C7D8-13C7-8484-4AC65E1B71E8}
		{E90F91B0-4DB2-422E-A2BC-0E49D5FA3852} = {02EA681E-C7D8-13C7-8484-4AC65E1B71E8}
		{13C0EE58-DF97-42E4-81CE-85D185EC49B7} = {02EA681E-C7D8-13C7-8484-4AC65E1B71E8}
	EndGlobalSection
	GlobalSection(ExtensibilityGlobals) = postSolution
		SolutionGuid = {78764C51-9142-481D-ADA1-B980C0892006}
	EndGlobalSection
EndGlobal
